
Microsoft Visual Studio Solution File, Format Version 12.00
# Visual Studio Version 16
VisualStudioVersion = 16.0.30128.74
MinimumVisualStudioVersion = 10.0.40219.1
Project("{9A19103F-16F7-4668-BE54-9A1E7A4F7556}") = "LibraryManagement", "LibraryManagement\LibraryManagement.csproj", "{44FE14F8-DD9B-4963-ADF5-DFE1DF8B5212}"
EndProject
Global
	GlobalSection(SolutionConfigurationPlatforms) = preSolution
		Debug|Any CPU = Debug|Any CPU
		Release|Any CPU = Release|Any CPU
	EndGlobalSection
	GlobalSection(ProjectConfigurationPlatforms) = postSolution
		{44FE14F8-DD9B-4963-ADF5-DFE1DF8B5212}.Debug|Any CPU.ActiveCfg = Debug|Any CPU
		{44FE14F8-DD9B-4963-ADF5-DFE1DF8B5212}.Debug|Any CPU.Build.0 = Debug|Any CPU
		{44FE14F8-DD9B-4963-ADF5-DFE1DF8B5212}.Release|Any CPU.ActiveCfg = Release|Any CPU
		{44FE14F8-DD9B-4963-ADF5-DFE1DF8B5212}.Release|Any CPU.Build.0 = Release|Any CPU
	EndGlobalSection
	GlobalSection(SolutionProperties) = preSolution
		HideSolutionNode = FALSE
	EndGlobalSection
	GlobalSection(ExtensibilityGlobals) = postSolution
		SolutionGuid = {37AF62BC-BD1F-4F7E-B2F9-80377A33DA8F}
	EndGlobalSection
EndGlobal
